
Microsoft Visual Studio Solution File, Format Version 12.00
Project("{FAE04EC0-301F-11D3-BF4B-00C04F79EFBC}") = "Calculadora", "Calculadora\Calculadora.csproj", "{2D49A05F-0C1F-4259-A3D1-1A311E1EF68F}"
EndProject
Global
	GlobalSection(SolutionConfigurationPlatforms) = preSolution
		Debug|Any CPU = Debug|Any CPU
		Release|Any CPU = Release|Any CPU
	EndGlobalSection
	GlobalSection(ProjectConfigurationPlatforms) = postSolution
		{2D49A05F-0C1F-4259-A3D1-1A311E1EF68F}.Debug|Any CPU.ActiveCfg = Debug|Any CPU
		{2D49A05F-0C1F-4259-A3D1-1A311E1EF68F}.Debug|Any CPU.Build.0 = Debug|Any CPU
		{2D49A05F-0C1F-4259-A3D1-1A311E1EF68F}.Release|Any CPU.ActiveCfg = Release|Any CPU
		{2D49A05F-0C1F-4259-A3D1-1A311E1EF68F}.Release|Any CPU.Build.0 = Release|Any CPU
	EndGlobalSection
EndGlobal
